
Microsoft Visual Studio Solution File, Format Version 12.00
# Visual Studio Version 16
VisualStudioVersion = 16.0.29920.165
MinimumVisualStudioVersion = 10.0.40219.1
Project("{FAE04EC0-301F-11D3-BF4B-00C04F79EFBC}") = "CommandPatternDemo", "CommandPatternDemo.csproj", "{A41E91B6-B28C-4C94-9FBE-CD6FCA067F41}"
EndProject
Global
	GlobalSection(SolutionConfigurationPlatforms) = preSolution
		Debug|Any CPU = Debug|Any CPU
		Release|Any CPU = Release|Any CPU
	EndGlobalSection
	GlobalSection(ProjectConfigurationPlatforms) = postSolution
		{A41E91B6-B28C-4C94-9FBE-CD6FCA067F41}.Debug|Any CPU.ActiveCfg = Debug|Any CPU
		{A41E91B6-B28C-4C94-9FBE-CD6FCA067F41}.Debug|Any CPU.Build.0 = Debug|Any CPU
		{A41E91B6-B28C-4C94-9FBE-CD6FCA067F41}.Release|Any CPU.ActiveCfg = Release|Any CPU
		{A41E91B6-B28C-4C94-9FBE-CD6FCA067F41}.Release|Any CPU.Build.0 = Release|Any CPU
	EndGlobalSection
	GlobalSection(SolutionProperties) = preSolution
		HideSolutionNode = FALSE
	EndGlobalSection
	GlobalSection(ExtensibilityGlobals) = postSolution
		SolutionGuid = {67C9E2FA-B9BC-48FE-9ABE-75D8D8B251AF}
	EndGlobalSection
EndGlobal
